
Microsoft Visual Studio Solution File, Format Version 12.00
# Visual Studio Version 16
VisualStudioVersion = 16.0.31129.286
MinimumVisualStudioVersion = 10.0.40219.1
Project("{9A19103F-16F7-4668-BE54-9A1E7A4F7556}") = "BinaryTreeSearch", "BinaryTreeSearch\BinaryTreeSearch.csproj", "{B5E8EC8A-76A0-4FF3-A4C0-6136A63407B1}"
EndProject
Project("{FAE04EC0-301F-11D3-BF4B-00C04F79EFBC}") = "Test BinarTree", "Test BinarTree\Test BinarTree.csproj", "{A52661BF-DE2D-4761-B038-51BA47C0C7A0}"
EndProject
Global
	GlobalSection(SolutionConfigurationPlatforms) = preSolution
		Debug|Any CPU = Debug|Any CPU
		Release|Any CPU = Release|Any CPU
	EndGlobalSection
	GlobalSection(ProjectConfigurationPlatforms) = postSolution
		{B5E8EC8A-76A0-4FF3-A4C0-6136A63407B1}.Debug|Any CPU.ActiveCfg = Debug|Any CPU
		{B5E8EC8A-76A0-4FF3-A4C0-6136A63407B1}.Debug|Any CPU.Build.0 = Debug|Any CPU
		{B5E8EC8A-76A0-4FF3-A4C0-6136A63407B1}.Release|Any CPU.ActiveCfg = Release|Any CPU
		{B5E8EC8A-76A0-4FF3-A4C0-6136A63407B1}.Release|Any CPU.Build.0 = Release|Any CPU
		{A52661BF-DE2D-4761-B038-51BA47C0C7A0}.Debug|Any CPU.ActiveCfg = Debug|Any CPU
		{A52661BF-DE2D-4761-B038-51BA47C0C7A0}.Debug|Any CPU.Build.0 = Debug|Any CPU
		{A52661BF-DE2D-4761-B038-51BA47C0C7A0}.Release|Any CPU.ActiveCfg = Release|Any CPU
		{A52661BF-DE2D-4761-B038-51BA47C0C7A0}.Release|Any CPU.Build.0 = Release|Any CPU
	EndGlobalSection
	GlobalSection(SolutionProperties) = preSolution
		HideSolutionNode = FALSE
	EndGlobalSection
	GlobalSection(ExtensibilityGlobals) = postSolution
		SolutionGuid = {BBA2D0AF-A6CF-4A06-97D2-C4AFDEC705E9}
	EndGlobalSection
EndGlobal
